// !$*UTF8*$!
{
	archiveVersion = 1;
	classes = {
	};
	objectVersion = 77;
	objects = {

/* Begin PBXBuildFile section */
		4948A7D82F2C43A7009A9418 /* SwiftUI.framework in Frameworks */ = {isa = PBXBuildFile; fileRef = 4948A7D72F2C43A7009A9418 /* SwiftUI.framework */; };
		4948A7DA2F2C43B3009A9418 /* Foundation.framework in Frameworks */ = {isa = PBXBuildFile; fileRef = 4948A7D92F2C43B3009A9418 /* Foundation.framework */; };
		4948A7DC2F2C43BB009A9418 /* FoundationModels.framework in Frameworks */ = {isa = PBXBuildFile; fileRef = 4948A7DB2F2C43BB009A9418 /* FoundationModels.framework */; };
		4948A7DE2F2C43C0009A9418 /* ImagePlayground.framework in Frameworks */ = {isa = PBXBuildFile; fileRef = 4948A7DD2F2C43C0009A9418 /* ImagePlayground.framework */; };
		4948A7E02F2C43C7009A9418 /* AVFoundation.framework in Frameworks */ = {isa = PBXBuildFile; fileRef = 4948A7DF2F2C43C7009A9418 /* AVFoundation.framework */; };
		4948A7E22F2C43CC009A9418 /* CoreHaptics.framework in Frameworks */ = {isa = PBXBuildFile; fileRef = 4948A7E12F2C43CC009A9418 /* CoreHaptics.framework */; };
		4948A7E42F2C43D2009A9418 /* SwiftData.framework in Frameworks */ = {isa = PBXBuildFile; fileRef = 4948A7E32F2C43D2009A9418 /* SwiftData.framework */; };
		4948A7ED2F2C6CAD009A9418 /* Imposter icon.icon in Resources */ = {isa = PBXBuildFile; fileRef = 4948A7EC2F2C6CAD009A9418 /* Imposter icon.icon */; };
/* End PBXBuildFile section */

/* Begin PBXContainerItemProxy section */
		4948A6B22F2C0F86009A9418 /* PBXContainerItemProxy */ = {
			isa = PBXContainerItemProxy;
			containerPortal = 4948A69A2F2C0F85009A9418 /* Project object */;
			proxyType = 1;
			remoteGlobalIDString = 4948A6A12F2C0F85009A9418;
			remoteInfo = Imposter;
		};
		4948A6BC2F2C0F86009A9418 /* PBXContainerItemProxy */ = {
			isa = PBXContainerItemProxy;
			containerPortal = 4948A69A2F2C0F85009A9418 /* Project object */;
			proxyType = 1;
			remoteGlobalIDString = 4948A6A12F2C0F85009A9418;
			remoteInfo = Imposter;
		};
/* End PBXContainerItemProxy section */

/* Begin PBXFileReference section */
		4948A6A22F2C0F85009A9418 /* Imposter.app */ = {isa = PBXFileReference; explicitFileType = wrapper.application; includeInIndex = 0; path = Imposter.app; sourceTree = BUILT_PRODUCTS_DIR; };
		4948A6B12F2C0F86009A9418 /* ImposterTests.xctest */ = {isa = PBXFileReference; explicitFileType = wrapper.cfbundle; includeInIndex = 0; path = ImposterTests.xctest; sourceTree = BUILT_PRODUCTS_DIR; };
		4948A6BB2F2C0F86009A9418 /* ImposterUITests.xctest */ = {isa = PBXFileReference; explicitFileType = wrapper.cfbundle; includeInIndex = 0; path = ImposterUITests.xctest; sourceTree = BUILT_PRODUCTS_DIR; };
		4948A7D72F2C43A7009A9418 /* SwiftUI.framework */ = {isa = PBXFileReference; lastKnownFileType = wrapper.framework; name = SwiftUI.framework; path = System/Library/Frameworks/SwiftUI.framework; sourceTree = SDKROOT; };
		4948A7D92F2C43B3009A9418 /* Foundation.framework */ = {isa = PBXFileReference; lastKnownFileType = wrapper.framework; name = Foundation.framework; path = System/Library/Frameworks/Foundation.framework; sourceTree = SDKROOT; };
		4948A7DB2F2C43BB009A9418 /* FoundationModels.framework */ = {isa = PBXFileReference; lastKnownFileType = wrapper.framework; name = FoundationModels.framework; path = System/Library/Frameworks/FoundationModels.framework; sourceTree = SDKROOT; };
		4948A7DD2F2C43C0009A9418 /* ImagePlayground.framework */ = {isa = PBXFileReference; lastKnownFileType = wrapper.framework; name = ImagePlayground.framework; path = System/Library/Frameworks/ImagePlayground.framework; sourceTree = SDKROOT; };
		4948A7DF2F2C43C7009A9418 /* AVFoundation.framework */ = {isa = PBXFileReference; lastKnownFileType = wrapper.framework; name = AVFoundation.framework; path = System/Library/Frameworks/AVFoundation.framework; sourceTree = SDKROOT; };
		4948A7E12F2C43CC009A9418 /* CoreHaptics.framework */ = {isa = PBXFileReference; lastKnownFileType = wrapper.framework; name = CoreHaptics.framework; path = System/Library/Frameworks/CoreHaptics.framework; sourceTree = SDKROOT; };
		4948A7E32F2C43D2009A9418 /* SwiftData.framework */ = {isa = PBXFileReference; lastKnownFileType = wrapper.framework; name = SwiftData.framework; path = System/Library/Frameworks/SwiftData.framework; sourceTree = SDKROOT; };
		4948A7EC2F2C6CAD009A9418 /* Imposter icon.icon */ = {isa = PBXFileReference; lastKnownFileType = folder.iconcomposer.icon; path = "Imposter icon.icon"; sourceTree = "<group>"; };
/* End PBXFileReference section */

/* Begin PBXFileSystemSynchronizedRootGroup section */
		4948A6A42F2C0F85009A9418 /* Imposter */ = {
			isa = PBXFileSystemSynchronizedRootGroup;
			path = Imposter;
			sourceTree = "<group>";
		};
		4948A6B42F2C0F86009A9418 /* ImposterTests */ = {
			isa = PBXFileSystemSynchronizedRootGroup;
			path = ImposterTests;
			sourceTree = "<group>";
		};
		4948A6BE2F2C0F86009A9418 /* ImposterUITests */ = {
			isa = PBXFileSystemSynchronizedRootGroup;
			path = ImposterUITests;
			sourceTree = "<group>";
		};
/* End PBXFileSystemSynchronizedRootGroup section */

/* Begin PBXFrameworksBuildPhase section */
		4948A69F2F2C0F85009A9418 /* Frameworks */ = {
			isa = PBXFrameworksBuildPhase;
			buildActionMask = 2147483647;
			files = (
				4948A7D82F2C43A7009A9418 /* SwiftUI.framework in Frameworks */,
				4948A7DE2F2C43C0009A9418 /* ImagePlayground.framework in Frameworks */,
				4948A7E02F2C43C7009A9418 /* AVFoundation.framework in Frameworks */,
				4948A7E42F2C43D2009A9418 /* SwiftData.framework in Frameworks */,
				4948A7DC2F2C43BB009A9418 /* FoundationModels.framework in Frameworks */,
				4948A7E22F2C43CC009A9418 /* CoreHaptics.framework in Frameworks */,
				4948A7DA2F2C43B3009A9418 /* Foundation.framework in Frameworks */,
			);
			runOnlyForDeploymentPostprocessing = 0;
		};
		4948A6AE2F2C0F86009A9418 /* Frameworks */ = {
			isa = PBXFrameworksBuildPhase;
			buildActionMask = 2147483647;
			files = (
			);
			runOnlyForDeploymentPostprocessing = 0;
		};
		4948A6B82F2C0F86009A9418 /* Frameworks */ = {
			isa = PBXFrameworksBuildPhase;
			buildActionMask = 2147483647;
			files = (
			);
			runOnlyForDeploymentPostprocessing = 0;
		};
/* End PBXFrameworksBuildPhase section */

/* Begin PBXGroup section */
		4948A6992F2C0F85009A9418 = {
			isa = PBXGroup;
			children = (
				4948A6A42F2C0F85009A9418 /* Imposter */,
				4948A6B42F2C0F86009A9418 /* ImposterTests */,
				4948A6BE2F2C0F86009A9418 /* ImposterUITests */,
				4948A7D62F2C43A7009A9418 /* Frameworks */,
				4948A6A32F2C0F85009A9418 /* Products */,
			);
			sourceTree = "<group>";
		};
		4948A6A32F2C0F85009A9418 /* Products */ = {
			isa = PBXGroup;
			children = (
				4948A6A22F2C0F85009A9418 /* Imposter.app */,
				4948A6B12F2C0F86009A9418 /* ImposterTests.xctest */,
				4948A6BB2F2C0F86009A9418 /* ImposterUITests.xctest */,
			);
			name = Products;
			sourceTree = "<group>";
		};
		4948A7D62F2C43A7009A9418 /* Frameworks */ = {
			isa = PBXGroup;
			children = (
				4948A7EC2F2C6CAD009A9418 /* Imposter icon.icon */,
				4948A7E32F2C43D2009A9418 /* SwiftData.framework */,
				4948A7E12F2C43CC009A9418 /* CoreHaptics.framework */,
				4948A7DF2F2C43C7009A9418 /* AVFoundation.framework */,
				4948A7DD2F2C43C0009A9418 /* ImagePlayground.framework */,
				4948A7DB2F2C43BB009A9418 /* FoundationModels.framework */,
				4948A7D92F2C43B3009A9418 /* Foundation.framework */,
				4948A7D72F2C43A7009A9418 /* SwiftUI.framework */,
			);
			name = Frameworks;
			sourceTree = "<group>";
		};
/* End PBXGroup section */

/* Begin PBXNativeTarget section */
		4948A6A12F2C0F85009A9418 /* Imposter */ = {
			isa = PBXNativeTarget;
			buildConfigurationList = 4948A6C52F2C0F86009A9418 /* Build configuration list for PBXNativeTarget "Imposter" */;
			buildPhases = (
				4948A69E2F2C0F85009A9418 /* Sources */,
				4948A69F2F2C0F85009A9418 /* Frameworks */,
				4948A6A02F2C0F85009A9418 /* Resources */,
			);
			buildRules = (
			);
			dependencies = (
			);
			fileSystemSynchronizedGroups = (
				4948A6A42F2C0F85009A9418 /* Imposter */,
			);
			name = Imposter;
			packageProductDependencies = (
			);
			productName = Imposter;
			productReference = 4948A6A22F2C0F85009A9418 /* Imposter.app */;
			productType = "com.apple.product-type.application";
		};
		4948A6B02F2C0F86009A9418 /* ImposterTests */ = {
			isa = PBXNativeTarget;
			buildConfigurationList = 4948A6C82F2C0F86009A9418 /* Build configuration list for PBXNativeTarget "ImposterTests" */;
			buildPhases = (
				4948A6AD2F2C0F86009A9418 /* Sources */,
				4948A6AE2F2C0F86009A9418 /* Frameworks */,
				4948A6AF2F2C0F86009A9418 /* Resources */,
			);
			buildRules = (
			);
			dependencies = (
				4948A6B32F2C0F86009A9418 /* PBXTargetDependency */,
			);
			fileSystemSynchronizedGroups = (
				4948A6B42F2C0F86009A9418 /* ImposterTests */,
			);
			name = ImposterTests;
			packageProductDependencies = (
			);
			productName = ImposterTests;
			productReference = 4948A6B12F2C0F86009A9418 /* ImposterTests.xctest */;
			productType = "com.apple.product-type.bundle.unit-test";
		};
		4948A6BA2F2C0F86009A9418 /* ImposterUITests */ = {
			isa = PBXNativeTarget;
			buildConfigurationList = 4948A6CB2F2C0F86009A9418 /* Build configuration list for PBXNativeTarget "ImposterUITests" */;
			buildPhases = (
				4948A6B72F2C0F86009A9418 /* Sources */,
				4948A6B82F2C0F86009A9418 /* Frameworks */,
				4948A6B92F2C0F86009A9418 /* Resources */,
			);
			buildRules = (
			);
			dependencies = (
				4948A6BD2F2C0F86009A9418 /* PBXTargetDependency */,
			);
			fileSystemSynchronizedGroups = (
				4948A6BE2F2C0F86009A9418 /* ImposterUITests */,
			);
			name = ImposterUITests;
			packageProductDependencies = (
			);
			productName = ImposterUITests;
			productReference = 4948A6BB2F2C0F86009A9418 /* ImposterUITests.xctest */;
			productType = "com.apple.product-type.bundle.ui-testing";
		};
/* End PBXNativeTarget section */

/* Begin PBXProject section */
		4948A69A2F2C0F85009A9418 /* Project object */ = {
			isa = PBXProject;
			attributes = {
				BuildIndependentTargetsInParallel = 1;
				LastSwiftUpdateCheck = 2620;
				LastUpgradeCheck = 2620;
				TargetAttributes = {
					4948A6A12F2C0F85009A9418 = {
						CreatedOnToolsVersion = 26.2;
					};
					4948A6B02F2C0F86009A9418 = {
						CreatedOnToolsVersion = 26.2;
						TestTargetID = 4948A6A12F2C0F85009A9418;
					};
					4948A6BA2F2C0F86009A9418 = {
						CreatedOnToolsVersion = 26.2;
						TestTargetID = 4948A6A12F2C0F85009A9418;
					};
				};
			};
			buildConfigurationList = 4948A69D2F2C0F85009A9418 /* Build configuration list for PBXProject "Imposter" */;
			developmentRegion = en;
			hasScannedForEncodings = 0;
			knownRegions = (
				en,
				Base,
			);
			mainGroup = 4948A6992F2C0F85009A9418;
			minimizedProjectReferenceProxies = 1;
			preferredProjectObjectVersion = 77;
			productRefGroup = 4948A6A32F2C0F85009A9418 /* Products */;
			projectDirPath = "";
			projectRoot = "";
			targets = (
				4948A6A12F2C0F85009A9418 /* Imposter */,
				4948A6B02F2C0F86009A9418 /* ImposterTests */,
				4948A6BA2F2C0F86009A9418 /* ImposterUITests */,
			);
		};
/* End PBXProject section */

/* Begin PBXResourcesBuildPhase section */
		4948A6A02F2C0F85009A9418 /* Resources */ = {
			isa = PBXResourcesBuildPhase;
			buildActionMask = 2147483647;
			files = (
				4948A7ED2F2C6CAD009A9418 /* Imposter icon.icon in Resources */,
			);
			runOnlyForDeploymentPostprocessing = 0;
		};
		4948A6AF2F2C0F86009A9418 /* Resources */ = {
			isa = PBXResourcesBuildPhase;
			buildActionMask = 2147483647;
			files = (
			);
			runOnlyForDeploymentPostprocessing = 0;
		};
		4948A6B92F2C0F86009A9418 /* Resources */ = {
			isa = PBXResourcesBuildPhase;
			buildActionMask = 2147483647;
			files = (
			);
			runOnlyForDeploymentPostprocessing = 0;
		};
/* End PBXResourcesBuildPhase section */

/* Begin PBXSourcesBuildPhase section */
		4948A69E2F2C0F85009A9418 /* Sources */ = {
			isa = PBXSourcesBuildPhase;
			buildActionMask = 2147483647;
			files = (
			);
			runOnlyForDeploymentPostprocessing = 0;
		};
		4948A6AD2F2C0F86009A9418 /* Sources */ = {
			isa = PBXSourcesBuildPhase;
			buildActionMask = 2147483647;
			files = (
			);
			runOnlyForDeploymentPostprocessing = 0;
		};
		4948A6B72F2C0F86009A9418 /* Sources */ = {
			isa = PBXSourcesBuildPhase;
			buildActionMask = 2147483647;
			files = (
			);
			runOnlyForDeploymentPostprocessing = 0;
		};
/* End PBXSourcesBuildPhase section */

/* Begin PBXTargetDependency section */
		4948A6B32F2C0F86009A9418 /* PBXTargetDependency */ = {
			isa = PBXTargetDependency;
			target = 4948A6A12F2C0F85009A9418 /* Imposter */;
			targetProxy = 4948A6B22F2C0F86009A9418 /* PBXContainerItemProxy */;
		};
		4948A6BD2F2C0F86009A9418 /* PBXTargetDependency */ = {
			isa = PBXTargetDependency;
			target = 4948A6A12F2C0F85009A9418 /* Imposter */;
			targetProxy = 4948A6BC2F2C0F86009A9418 /* PBXContainerItemProxy */;
		};
/* End PBXTargetDependency section */

/* Begin XCBuildConfiguration section */
		4948A6C32F2C0F86009A9418 /* Debug */ = {
			isa = XCBuildConfiguration;
			buildSettings = {
				ALWAYS_SEARCH_USER_PATHS = NO;
				ASSETCATALOG_COMPILER_GENERATE_SWIFT_ASSET_SYMBOL_EXTENSIONS = YES;
				CLANG_ANALYZER_NONNULL = YES;
				CLANG_ANALYZER_NUMBER_OBJECT_CONVERSION = YES_AGGRESSIVE;
				CLANG_CXX_LANGUAGE_STANDARD = "gnu++20";
				CLANG_ENABLE_MODULES = YES;
				CLANG_ENABLE_OBJC_ARC = YES;
				CLANG_ENABLE_OBJC_WEAK = YES;
				CLANG_WARN_BLOCK_CAPTURE_AUTORELEASING = YES;
				CLANG_WARN_BOOL_CONVERSION = YES;
				CLANG_WARN_COMMA = YES;
				CLANG_WARN_CONSTANT_CONVERSION = YES;
				CLANG_WARN_DEPRECATED_OBJC_IMPLEMENTATIONS = YES;
				CLANG_WARN_DIRECT_OBJC_ISA_USAGE = YES_ERROR;
				CLANG_WARN_DOCUMENTATION_COMMENTS = YES;
				CLANG_WARN_EMPTY_BODY = YES;
				CLANG_WARN_ENUM_CONVERSION = YES;
				CLANG_WARN_INFINITE_RECURSION = YES;
				CLANG_WARN_INT_CONVERSION = YES;
				CLANG_WARN_NON_LITERAL_NULL_CONVERSION = YES;
				CLANG_WARN_OBJC_IMPLICIT_RETAIN_SELF = YES;
				CLANG_WARN_OBJC_LITERAL_CONVERSION = YES;
				CLANG_WARN_OBJC_ROOT_CLASS = YES_ERROR;
				CLANG_WARN_QUOTED_INCLUDE_IN_FRAMEWORK_HEADER = YES;
				CLANG_WARN_RANGE_LOOP_ANALYSIS = YES;
				CLANG_WARN_STRICT_PROTOTYPES = YES;
				CLANG_WARN_SUSPICIOUS_MOVE = YES;
				CLANG_WARN_UNGUARDED_AVAILABILITY = YES_AGGRESSIVE;
				CLANG_WARN_UNREACHABLE_CODE = YES;
				CLANG_WARN__DUPLICATE_METHOD_MATCH = YES;
				COPY_PHASE_STRIP = NO;
				DEBUG_INFORMATION_FORMAT = dwarf;
				DEVELOPMENT_TEAM = UZD4BS94DT;
				ENABLE_STRICT_OBJC_MSGSEND = YES;
				ENABLE_TESTABILITY = YES;
				ENABLE_USER_SCRIPT_SANDBOXING = YES;
				GCC_C_LANGUAGE_STANDARD = gnu17;
				GCC_DYNAMIC_NO_PIC = NO;
				GCC_NO_COMMON_BLOCKS = YES;
				GCC_OPTIMIZATION_LEVEL = 0;
				GCC_PREPROCESSOR_DEFINITIONS = (
					"DEBUG=1",
					"$(inherited)",
				);
				GCC_WARN_64_TO_32_BIT_CONVERSION = YES;
				GCC_WARN_ABOUT_RETURN_TYPE = YES_ERROR;
				GCC_WARN_UNDECLARED_SELECTOR = YES;
				GCC_WARN_UNINITIALIZED_AUTOS = YES_AGGRESSIVE;
				GCC_WARN_UNUSED_FUNCTION = YES;
				GCC_WARN_UNUSED_VARIABLE = YES;
				IPHONEOS_DEPLOYMENT_TARGET = 26.2;
				LOCALIZATION_PREFERS_STRING_CATALOGS = YES;
				MTL_ENABLE_DEBUG_INFO = INCLUDE_SOURCE;
				MTL_FAST_MATH = YES;
				ONLY_ACTIVE_ARCH = YES;
				SDKROOT = iphoneos;
				SWIFT_ACTIVE_COMPILATION_CONDITIONS = "DEBUG $(inherited)";
				SWIFT_OPTIMIZATION_LEVEL = "-Onone";
			};
			name = Debug;
		};
		4948A6C42F2C0F86009A9418 /* Release */ = {
			isa = XCBuildConfiguration;
			buildSettings = {
				ALWAYS_SEARCH_USER_PATHS = NO;
				ASSETCATALOG_COMPILER_GENERATE_SWIFT_ASSET_SYMBOL_EXTENSIONS = YES;
				CLANG_ANALYZER_NONNULL = YES;
				CLANG_ANALYZER_NUMBER_OBJECT_CONVERSION = YES_AGGRESSIVE;
				CLANG_CXX_LANGUAGE_STANDARD = "gnu++20";
				CLANG_ENABLE_MODULES = YES;
				CLANG_ENABLE_OBJC_ARC = YES;
				CLANG_ENABLE_OBJC_WEAK = YES;
				CLANG_WARN_BLOCK_CAPTURE_AUTORELEASING = YES;
				CLANG_WARN_BOOL_CONVERSION = YES;
				CLANG_WARN_COMMA = YES;
				CLANG_WARN_CONSTANT_CONVERSION = YES;
				CLANG_WARN_DEPRECATED_OBJC_IMPLEMENTATIONS = YES;
				CLANG_WARN_DIRECT_OBJC_ISA_USAGE = YES_ERROR;
				CLANG_WARN_DOCUMENTATION_COMMENTS = YES;
				CLANG_WARN_EMPTY_BODY = YES;
				CLANG_WARN_ENUM_CONVERSION = YES;
				CLANG_WARN_INFINITE_RECURSION = YES;
				CLANG_WARN_INT_CONVERSION = YES;
				CLANG_WARN_NON_LITERAL_NULL_CONVERSION = YES;
				CLANG_WARN_OBJC_IMPLICIT_RETAIN_SELF = YES;
				CLANG_WARN_OBJC_LITERAL_CONVERSION = YES;
				CLANG_WARN_OBJC_ROOT_CLASS = YES_ERROR;
				CLANG_WARN_QUOTED_INCLUDE_IN_FRAMEWORK_HEADER = YES;
				CLANG_WARN_RANGE_LOOP_ANALYSIS = YES;
				CLANG_WARN_STRICT_PROTOTYPES = YES;
				CLANG_WARN_SUSPICIOUS_MOVE = YES;
				CLANG_WARN_UNGUARDED_AVAILABILITY = YES_AGGRESSIVE;
				CLANG_WARN_UNREACHABLE_CODE = YES;
				CLANG_WARN__DUPLICATE_METHOD_MATCH = YES;
				COPY_PHASE_STRIP = NO;
				DEBUG_INFORMATION_FORMAT = "dwarf-with-dsym";
				DEVELOPMENT_TEAM = UZD4BS94DT;
				ENABLE_NS_ASSERTIONS = NO;
				ENABLE_STRICT_OBJC_MSGSEND = YES;
				ENABLE_USER_SCRIPT_SANDBOXING = YES;
				GCC_C_LANGUAGE_STANDARD = gnu17;
				GCC_NO_COMMON_BLOCKS = YES;
				GCC_WARN_64_TO_32_BIT_CONVERSION = YES;
				GCC_WARN_ABOUT_RETURN_TYPE = YES_ERROR;
				GCC_WARN_UNDECLARED_SELECTOR = YES;
				GCC_WARN_UNINITIALIZED_AUTOS = YES_AGGRESSIVE;
				GCC_WARN_UNUSED_FUNCTION = YES;
				GCC_WARN_UNUSED_VARIABLE = YES;
				IPHONEOS_DEPLOYMENT_TARGET = 26.2;
				LOCALIZATION_PREFERS_STRING_CATALOGS = YES;
				MTL_ENABLE_DEBUG_INFO = NO;
				MTL_FAST_MATH = YES;
				SDKROOT = iphoneos;
				SWIFT_COMPILATION_MODE = wholemodule;
				VALIDATE_PRODUCT = YES;
			};
			name = Release;
		};
		4948A6C62F2C0F86009A9418 /* Debug */ = {
			isa = XCBuildConfiguration;
			buildSettings = {
				ASSETCATALOG_COMPILER_APPICON_NAME = "Imposter icon";
				ASSETCATALOG_COMPILER_GLOBAL_ACCENT_COLOR_NAME = AccentColor;
				ASSETCATALOG_COMPILER_INCLUDE_ALL_APPICON_ASSETS = YES;
				CODE_SIGN_STYLE = Automatic;
				CURRENT_PROJECT_VERSION = 1;
				DEVELOPMENT_TEAM = UZD4BS94DT;
				ENABLE_PREVIEWS = YES;
				GENERATE_INFOPLIST_FILE = YES;
				INFOPLIST_KEY_LSApplicationCategoryType = "public.app-category.games";
				INFOPLIST_KEY_UIApplicationSceneManifest_Generation = YES;
				INFOPLIST_KEY_UIApplicationSupportsIndirectInputEvents = YES;
				INFOPLIST_KEY_UILaunchScreen_Generation = YES;
				INFOPLIST_KEY_UISupportedInterfaceOrientations = UIInterfaceOrientationPortrait;
				INFOPLIST_KEY_UISupportedInterfaceOrientations_iPad = "UIInterfaceOrientationLandscapeLeft UIInterfaceOrientationLandscapeRight UIInterfaceOrientationPortrait UIInterfaceOrientationPortraitUpsideDown";
				IPHONEOS_DEPLOYMENT_TARGET = 26.0;
				LD_RUNPATH_SEARCH_PATHS = (
					"$(inherited)",
					"@executable_path/Frameworks",
				);
				MARKETING_VERSION = 1.0;
				PRODUCT_BUNDLE_IDENTIFIER = com.rishabh.Imposter;
				PRODUCT_NAME = "$(TARGET_NAME)";
				STRING_CATALOG_GENERATE_SYMBOLS = YES;
				SWIFT_APPROACHABLE_CONCURRENCY = YES;
				SWIFT_DEFAULT_ACTOR_ISOLATION = MainActor;
				SWIFT_EMIT_LOC_STRINGS = YES;
				SWIFT_STRICT_CONCURRENCY = complete;
				SWIFT_UPCOMING_FEATURE_MEMBER_IMPORT_VISIBILITY = YES;
				SWIFT_VERSION = 6.0;
				TARGETED_DEVICE_FAMILY = "1,2";
			};
			name = Debug;
		};
		4948A6C72F2C0F86009A9418 /* Release */ = {
			isa = XCBuildConfiguration;
			buildSettings = {
				ASSETCATALOG_COMPILER_APPICON_NAME = "Imposter icon";
				ASSETCATALOG_COMPILER_GLOBAL_ACCENT_COLOR_NAME = AccentColor;
				ASSETCATALOG_COMPILER_INCLUDE_ALL_APPICON_ASSETS = YES;
				CODE_SIGN_STYLE = Automatic;
				CURRENT_PROJECT_VERSION = 1;
				DEVELOPMENT_TEAM = UZD4BS94DT;
				ENABLE_PREVIEWS = YES;
				GENERATE_INFOPLIST_FILE = YES;
				INFOPLIST_KEY_LSApplicationCategoryType = "public.app-category.games";
				INFOPLIST_KEY_UIApplicationSceneManifest_Generation = YES;
				INFOPLIST_KEY_UIApplicationSupportsIndirectInputEvents = YES;
				INFOPLIST_KEY_UILaunchScreen_Generation = YES;
				INFOPLIST_KEY_UISupportedInterfaceOrientations = UIInterfaceOrientationPortrait;
				INFOPLIST_KEY_UISupportedInterfaceOrientations_iPad = "UIInterfaceOrientationLandscapeLeft UIInterfaceOrientationLandscapeRight UIInterfaceOrientationPortrait UIInterfaceOrientationPortraitUpsideDown";
				IPHONEOS_DEPLOYMENT_TARGET = 26.0;
				LD_RUNPATH_SEARCH_PATHS = (
					"$(inherited)",
					"@executable_path/Frameworks",
				);
				MARKETING_VERSION = 1.0;
				PRODUCT_BUNDLE_IDENTIFIER = com.rishabh.Imposter;
				PRODUCT_NAME = "$(TARGET_NAME)";
				STRING_CATALOG_GENERATE_SYMBOLS = YES;
				SWIFT_APPROACHABLE_CONCURRENCY = YES;
				SWIFT_DEFAULT_ACTOR_ISOLATION = MainActor;
				SWIFT_EMIT_LOC_STRINGS = YES;
				SWIFT_STRICT_CONCURRENCY = complete;
				SWIFT_UPCOMING_FEATURE_MEMBER_IMPORT_VISIBILITY = YES;
				SWIFT_VERSION = 6.0;
				TARGETED_DEVICE_FAMILY = "1,2";
			};
			name = Release;
		};
		4948A6C92F2C0F86009A9418 /* Debug */ = {
			isa = XCBuildConfiguration;
			buildSettings = {
				BUNDLE_LOADER = "$(TEST_HOST)";
				CODE_SIGN_STYLE = Automatic;
				CURRENT_PROJECT_VERSION = 1;
				DEVELOPMENT_TEAM = UZD4BS94DT;
				GENERATE_INFOPLIST_FILE = YES;
				IPHONEOS_DEPLOYMENT_TARGET = 26.2;
				MARKETING_VERSION = 1.0;
				PRODUCT_BUNDLE_IDENTIFIER = com.rishabh.ImposterTests;
				PRODUCT_NAME = "$(TARGET_NAME)";
				STRING_CATALOG_GENERATE_SYMBOLS = NO;
				SWIFT_APPROACHABLE_CONCURRENCY = YES;
				SWIFT_EMIT_LOC_STRINGS = NO;
				SWIFT_UPCOMING_FEATURE_MEMBER_IMPORT_VISIBILITY = YES;
				SWIFT_VERSION = 5.0;
				TARGETED_DEVICE_FAMILY = "1,2";
				TEST_HOST = "$(BUILT_PRODUCTS_DIR)/Imposter.app/$(BUNDLE_EXECUTABLE_FOLDER_PATH)/Imposter";
			};
			name = Debug;
		};
		4948A6CA2F2C0F86009A9418 /* Release */ = {
			isa = XCBuildConfiguration;
			buildSettings = {
				BUNDLE_LOADER = "$(TEST_HOST)";
				CODE_SIGN_STYLE = Automatic;
				CURRENT_PROJECT_VERSION = 1;
				DEVELOPMENT_TEAM = UZD4BS94DT;
				GENERATE_INFOPLIST_FILE = YES;
				IPHONEOS_DEPLOYMENT_TARGET = 26.2;
				MARKETING_VERSION = 1.0;
				PRODUCT_BUNDLE_IDENTIFIER = com.rishabh.ImposterTests;
				PRODUCT_NAME = "$(TARGET_NAME)";
				STRING_CATALOG_GENERATE_SYMBOLS = NO;
				SWIFT_APPROACHABLE_CONCURRENCY = YES;
				SWIFT_EMIT_LOC_STRINGS = NO;
				SWIFT_UPCOMING_FEATURE_MEMBER_IMPORT_VISIBILITY = YES;
				SWIFT_VERSION = 5.0;
				TARGETED_DEVICE_FAMILY = "1,2";
				TEST_HOST = "$(BUILT_PRODUCTS_DIR)/Imposter.app/$(BUNDLE_EXECUTABLE_FOLDER_PATH)/Imposter";
			};
			name = Release;
		};
		4948A6CC2F2C0F86009A9418 /* Debug */ = {
			isa = XCBuildConfiguration;
			buildSettings = {
				CODE_SIGN_STYLE = Automatic;
				CURRENT_PROJECT_VERSION = 1;
				DEVELOPMENT_TEAM = UZD4BS94DT;
				GENERATE_INFOPLIST_FILE = YES;
				MARKETING_VERSION = 1.0;
				PRODUCT_BUNDLE_IDENTIFIER = com.rishabh.ImposterUITests;
				PRODUCT_NAME = "$(TARGET_NAME)";
				STRING_CATALOG_GENERATE_SYMBOLS = NO;
				SWIFT_APPROACHABLE_CONCURRENCY = YES;
				SWIFT_EMIT_LOC_STRINGS = NO;
				SWIFT_UPCOMING_FEATURE_MEMBER_IMPORT_VISIBILITY = YES;
				SWIFT_VERSION = 5.0;
				TARGETED_DEVICE_FAMILY = "1,2";
				TEST_TARGET_NAME = Imposter;
			};
			name = Debug;
		};
		4948A6CD2F2C0F86009A9418 /* Release */ = {
			isa = XCBuildConfiguration;
			buildSettings = {
				CODE_SIGN_STYLE = Automatic;
				CURRENT_PROJECT_VERSION = 1;
				DEVELOPMENT_TEAM = UZD4BS94DT;
				GENERATE_INFOPLIST_FILE = YES;
				MARKETING_VERSION = 1.0;
				PRODUCT_BUNDLE_IDENTIFIER = com.rishabh.ImposterUITests;
				PRODUCT_NAME = "$(TARGET_NAME)";
				STRING_CATALOG_GENERATE_SYMBOLS = NO;
				SWIFT_APPROACHABLE_CONCURRENCY = YES;
				SWIFT_EMIT_LOC_STRINGS = NO;
				SWIFT_UPCOMING_FEATURE_MEMBER_IMPORT_VISIBILITY = YES;
				SWIFT_VERSION = 5.0;
				TARGETED_DEVICE_FAMILY = "1,2";
				TEST_TARGET_NAME = Imposter;
			};
			name = Release;
		};
/* End XCBuildConfiguration section */

/* Begin XCConfigurationList section */
		4948A69D2F2C0F85009A9418 /* Build configuration list for PBXProject "Imposter" */ = {
			isa = XCConfigurationList;
			buildConfigurations = (
				4948A6C32F2C0F86009A9418 /* Debug */,
				4948A6C42F2C0F86009A9418 /* Release */,
			);
			defaultConfigurationIsVisible = 0;
			defaultConfigurationName = Release;
		};
		4948A6C52F2C0F86009A9418 /* Build configuration list for PBXNativeTarget "Imposter" */ = {
			isa = XCConfigurationList;
			buildConfigurations = (
				4948A6C62F2C0F86009A9418 /* Debug */,
				4948A6C72F2C0F86009A9418 /* Release */,
			);
			defaultConfigurationIsVisible = 0;
			defaultConfigurationName = Release;
		};
		4948A6C82F2C0F86009A9418 /* Build configuration list for PBXNativeTarget "ImposterTests" */ = {
			isa = XCConfigurationList;
			buildConfigurations = (
				4948A6C92F2C0F86009A9418 /* Debug */,
				4948A6CA2F2C0F86009A9418 /* Release */,
			);
			defaultConfigurationIsVisible = 0;
			defaultConfigurationName = Release;
		};
		4948A6CB2F2C0F86009A9418 /* Build configuration list for PBXNativeTarget "ImposterUITests" */ = {
			isa = XCConfigurationList;
			buildConfigurations = (
				4948A6CC2F2C0F86009A9418 /* Debug */,
				4948A6CD2F2C0F86009A9418 /* Release */,
			);
			defaultConfigurationIsVisible = 0;
			defaultConfigurationName = Release;
		};
/* End XCConfigurationList section */
	};
	rootObject = 4948A69A2F2C0F85009A9418 /* Project object */;
}
